
Microsoft Visual Studio Solution File, Format Version 12.00
# Visual Studio Version 17
VisualStudioVersion = 17.2.32526.322
MinimumVisualStudioVersion = 10.0.40219.1
Project("{FAE04EC0-301F-11D3-BF4B-00C04F79EFBC}") = "Deliverable1", "Deliverable1\Deliverable1.csproj", "{FDECB045-16FA-47E7-9A7D-45A5AF8282A4}"
EndProject
Global
	GlobalSection(SolutionConfigurationPlatforms) = preSolution
		Debug|Any CPU = Debug|Any CPU
		Release|Any CPU = Release|Any CPU
	EndGlobalSection
	GlobalSection(ProjectConfigurationPlatforms) = postSolution
		{FDECB045-16FA-47E7-9A7D-45A5AF8282A4}.Debug|Any CPU.ActiveCfg = Debug|Any CPU
		{FDECB045-16FA-47E7-9A7D-45A5AF8282A4}.Debug|Any CPU.Build.0 = Debug|Any CPU
		{FDECB045-16FA-47E7-9A7D-45A5AF8282A4}.Release|Any CPU.ActiveCfg = Release|Any CPU
		{FDECB045-16FA-47E7-9A7D-45A5AF8282A4}.Release|Any CPU.Build.0 = Release|Any CPU
	EndGlobalSection
	GlobalSection(SolutionProperties) = preSolution
		HideSolutionNode = FALSE
	EndGlobalSection
	GlobalSection(ExtensibilityGlobals) = postSolution
		SolutionGuid = {97D71095-EFAB-405F-841C-D7C89CBDA761}
	EndGlobalSection
EndGlobal
